{
  "name": "js-tokens-maximum-call-stack-size-exceeded-repro",
  "lockfileVersion": 3,
  "requires": true,
  "packages": {
    "": {
      "name": "js-tokens-maximum-call-stack-size-exceeded-repro",
      "license": "MIT",
      "dependencies": {
        "js-tokens": "^8.0.2"
      }
    },
    "node_modules/js-tokens": {
      "version": "8.0.2",
      "resolved": "https://registry.npmjs.org/js-tokens/-/js-tokens-8.0.2.tgz",
      "integrity": "sha512-Olnt+V7xYdvGze9YTbGFZIfQXuGV4R3nQwwl8BrtgaPE/wq8UFpUHWuTNc05saowhSr1ZO6tx+V6RjE9D5YQog=="
    }
  }
}
